
Microsoft Visual Studio Solution File, Format Version 12.00
# Visual Studio Version 17
VisualStudioVersion = 17.0.31903.59
MinimumVisualStudioVersion = 10.0.40219.1
Project("{2150E333-8FDC-42A3-9474-1A3956D46DE8}") = "src", "src", "{827E0CD3-B72D-47B6-A68D-7590B98EB39B}"
EndProject
Project("{FAE04EC0-301F-11D3-BF4B-00C04F79EFBC}") = "GutAI.Api", "src\GutAI.Api\GutAI.Api.csproj", "{6343B1D8-6271-4493-AE7A-0B869C8154A0}"
EndProject
Project("{FAE04EC0-301F-11D3-BF4B-00C04F79EFBC}") = "GutAI.Domain", "src\GutAI.Domain\GutAI.Domain.csproj", "{C009A33F-35BA-47B6-B87F-339F0250F6B3}"
EndProject
Project("{FAE04EC0-301F-11D3-BF4B-00C04F79EFBC}") = "GutAI.Application", "src\GutAI.Application\GutAI.Application.csproj", "{3DF75908-8FF7-4CC0-85FA-84A303C7038D}"
EndProject
Project("{FAE04EC0-301F-11D3-BF4B-00C04F79EFBC}") = "GutAI.Infrastructure", "src\GutAI.Infrastructure\GutAI.Infrastructure.csproj", "{A099E6AB-70AF-4EA4-B2F9-F76FCDA45191}"
EndProject
Project("{2150E333-8FDC-42A3-9474-1A3956D46DE8}") = "tests", "tests", "{0AB3BF05-4346-4AA6-1389-037BE0695223}"
EndProject
Project("{FAE04EC0-301F-11D3-BF4B-00C04F79EFBC}") = "GutAI.Infrastructure.Tests", "tests\GutAI.Infrastructure.Tests\GutAI.Infrastructure.Tests.csproj", "{4E74D174-4788-40AF-9932-68B362FEBC14}"
EndProject
Project("{FAE04EC0-301F-11D3-BF4B-00C04F79EFBC}") = "GutAI.IntegrationTests", "tests\GutAI.IntegrationTests\GutAI.IntegrationTests.csproj", "{C9F8B492-7B69-4A68-AB52-F89DC8CFE087}"
EndProject
Project("{FAE04EC0-301F-11D3-BF4B-00C04F79EFBC}") = "GutAI.Api.Tests", "tests\GutAI.Api.Tests\GutAI.Api.Tests.csproj", "{AF550658-3B57-4031-B3F7-946116B65629}"
EndProject
Global
	GlobalSection(SolutionConfigurationPlatforms) = preSolution
		Debug|Any CPU = Debug|Any CPU
		Debug|x64 = Debug|x64
		Debug|x86 = Debug|x86
		Release|Any CPU = Release|Any CPU
		Release|x64 = Release|x64
		Release|x86 = Release|x86
	EndGlobalSection
	GlobalSection(ProjectConfigurationPlatforms) = postSolution
		{6343B1D8-6271-4493-AE7A-0B869C8154A0}.Debug|Any CPU.ActiveCfg = Debug|Any CPU
		{6343B1D8-6271-4493-AE7A-0B869C8154A0}.Debug|Any CPU.Build.0 = Debug|Any CPU
		{6343B1D8-6271-4493-AE7A-0B869C8154A0}.Debug|x64.ActiveCfg = Debug|Any CPU
		{6343B1D8-6271-4493-AE7A-0B869C8154A0}.Debug|x64.Build.0 = Debug|Any CPU
		{6343B1D8-6271-4493-AE7A-0B869C8154A0}.Debug|x86.ActiveCfg = Debug|Any CPU
		{6343B1D8-6271-4493-AE7A-0B869C8154A0}.Debug|x86.Build.0 = Debug|Any CPU
		{6343B1D8-6271-4493-AE7A-0B869C8154A0}.Release|Any CPU.ActiveCfg = Release|Any CPU
		{6343B1D8-6271-4493-AE7A-0B869C8154A0}.Release|Any CPU.Build.0 = Release|Any CPU
		{6343B1D8-6271-4493-AE7A-0B869C8154A0}.Release|x64.ActiveCfg = Release|Any CPU
		{6343B1D8-6271-4493-AE7A-0B869C8154A0}.Release|x64.Build.0 = Release|Any CPU
		{6343B1D8-6271-4493-AE7A-0B869C8154A0}.Release|x86.ActiveCfg = Release|Any CPU
		{6343B1D8-6271-4493-AE7A-0B869C8154A0}.Release|x86.Build.0 = Release|Any CPU
		{C009A33F-35BA-47B6-B87F-339F0250F6B3}.Debug|Any CPU.ActiveCfg = Debug|Any CPU
		{C009A33F-35BA-47B6-B87F-339F0250F6B3}.Debug|Any CPU.Build.0 = Debug|Any CPU
		{C009A33F-35BA-47B6-B87F-339F0250F6B3}.Debug|x64.ActiveCfg = Debug|Any CPU
		{C009A33F-35BA-47B6-B87F-339F0250F6B3}.Debug|x64.Build.0 = Debug|Any CPU
		{C009A33F-35BA-47B6-B87F-339F0250F6B3}.Debug|x86.ActiveCfg = Debug|Any CPU
		{C009A33F-35BA-47B6-B87F-339F0250F6B3}.Debug|x86.Build.0 = Debug|Any CPU
		{C009A33F-35BA-47B6-B87F-339F0250F6B3}.Release|Any CPU.ActiveCfg = Release|Any CPU
		{C009A33F-35BA-47B6-B87F-339F0250F6B3}.Release|Any CPU.Build.0 = Release|Any CPU
		{C009A33F-35BA-47B6-B87F-339F0250F6B3}.Release|x64.ActiveCfg = Release|Any CPU
		{C009A33F-35BA-47B6-B87F-339F0250F6B3}.Release|x64.Build.0 = Release|Any CPU
		{C009A33F-35BA-47B6-B87F-339F0250F6B3}.Release|x86.ActiveCfg = Release|Any CPU
		{C009A33F-35BA-47B6-B87F-339F0250F6B3}.Release|x86.Build.0 = Release|Any CPU
		{3DF75908-8FF7-4CC0-85FA-84A303C7038D}.Debug|Any CPU.ActiveCfg = Debug|Any CPU
		{3DF75908-8FF7-4CC0-85FA-84A303C7038D}.Debug|Any CPU.Build.0 = Debug|Any CPU
		{3DF75908-8FF7-4CC0-85FA-84A303C7038D}.Debug|x64.ActiveCfg = Debug|Any CPU
		{3DF75908-8FF7-4CC0-85FA-84A303C7038D}.Debug|x64.Build.0 = Debug|Any CPU
		{3DF75908-8FF7-4CC0-85FA-84A303C7038D}.Debug|x86.ActiveCfg = Debug|Any CPU
		{3DF75908-8FF7-4CC0-85FA-84A303C7038D}.Debug|x86.Build.0 = Debug|Any CPU
		{3DF75908-8FF7-4CC0-85FA-84A303C7038D}.Release|Any CPU.ActiveCfg = Release|Any CPU
		{3DF75908-8FF7-4CC0-85FA-84A303C7038D}.Release|Any CPU.Build.0 = Release|Any CPU
		{3DF75908-8FF7-4CC0-85FA-84A303C7038D}.Release|x64.ActiveCfg = Release|Any CPU
		{3DF75908-8FF7-4CC0-85FA-84A303C7038D}.Release|x64.Build.0 = Release|Any CPU
		{3DF75908-8FF7-4CC0-85FA-84A303C7038D}.Release|x86.ActiveCfg = Release|Any CPU
		{3DF75908-8FF7-4CC0-85FA-84A303C7038D}.Release|x86.Build.0 = Release|Any CPU
		{A099E6AB-70AF-4EA4-B2F9-F76FCDA45191}.Debug|Any CPU.ActiveCfg = Debug|Any CPU
		{A099E6AB-70AF-4EA4-B2F9-F76FCDA45191}.Debug|Any CPU.Build.0 = Debug|Any CPU
		{A099E6AB-70AF-4EA4-B2F9-F76FCDA45191}.Debug|x64.ActiveCfg = Debug|Any CPU
		{A099E6AB-70AF-4EA4-B2F9-F76FCDA45191}.Debug|x64.Build.0 = Debug|Any CPU
		{A099E6AB-70AF-4EA4-B2F9-F76FCDA45191}.Debug|x86.ActiveCfg = Debug|Any CPU
		{A099E6AB-70AF-4EA4-B2F9-F76FCDA45191}.Debug|x86.Build.0 = Debug|Any CPU
		{A099E6AB-70AF-4EA4-B2F9-F76FCDA45191}.Release|Any CPU.ActiveCfg = Release|Any CPU
		{A099E6AB-70AF-4EA4-B2F9-F76FCDA45191}.Release|Any CPU.Build.0 = Release|Any CPU
		{A099E6AB-70AF-4EA4-B2F9-F76FCDA45191}.Release|x64.ActiveCfg = Release|Any CPU
		{A099E6AB-70AF-4EA4-B2F9-F76FCDA45191}.Release|x64.Build.0 = Release|Any CPU
		{A099E6AB-70AF-4EA4-B2F9-F76FCDA45191}.Release|x86.ActiveCfg = Release|Any CPU
		{A099E6AB-70AF-4EA4-B2F9-F76FCDA45191}.Release|x86.Build.0 = Release|Any CPU
		{4E74D174-4788-40AF-9932-68B362FEBC14}.Debug|Any CPU.ActiveCfg = Debug|Any CPU
		{4E74D174-4788-40AF-9932-68B362FEBC14}.Debug|Any CPU.Build.0 = Debug|Any CPU
		{4E74D174-4788-40AF-9932-68B362FEBC14}.Debug|x64.ActiveCfg = Debug|Any CPU
		{4E74D174-4788-40AF-9932-68B362FEBC14}.Debug|x64.Build.0 = Debug|Any CPU
		{4E74D174-4788-40AF-9932-68B362FEBC14}.Debug|x86.ActiveCfg = Debug|Any CPU
		{4E74D174-4788-40AF-9932-68B362FEBC14}.Debug|x86.Build.0 = Debug|Any CPU
		{4E74D174-4788-40AF-9932-68B362FEBC14}.Release|Any CPU.ActiveCfg = Release|Any CPU
		{4E74D174-4788-40AF-9932-68B362FEBC14}.Release|Any CPU.Build.0 = Release|Any CPU
		{4E74D174-4788-40AF-9932-68B362FEBC14}.Release|x64.ActiveCfg = Release|Any CPU
		{4E74D174-4788-40AF-9932-68B362FEBC14}.Release|x64.Build.0 = Release|Any CPU
		{4E74D174-4788-40AF-9932-68B362FEBC14}.Release|x86.ActiveCfg = Release|Any CPU
		{4E74D174-4788-40AF-9932-68B362FEBC14}.Release|x86.Build.0 = Release|Any CPU
		{C9F8B492-7B69-4A68-AB52-F89DC8CFE087}.Debug|Any CPU.ActiveCfg = Debug|Any CPU
		{C9F8B492-7B69-4A68-AB52-F89DC8CFE087}.Debug|Any CPU.Build.0 = Debug|Any CPU
		{C9F8B492-7B69-4A68-AB52-F89DC8CFE087}.Debug|x64.ActiveCfg = Debug|Any CPU
		{C9F8B492-7B69-4A68-AB52-F89DC8CFE087}.Debug|x64.Build.0 = Debug|Any CPU
		{C9F8B492-7B69-4A68-AB52-F89DC8CFE087}.Debug|x86.ActiveCfg = Debug|Any CPU
		{C9F8B492-7B69-4A68-AB52-F89DC8CFE087}.Debug|x86.Build.0 = Debug|Any CPU
		{C9F8B492-7B69-4A68-AB52-F89DC8CFE087}.Release|Any CPU.ActiveCfg = Release|Any CPU
		{C9F8B492-7B69-4A68-AB52-F89DC8CFE087}.Release|Any CPU.Build.0 = Release|Any CPU
		{C9F8B492-7B69-4A68-AB52-F89DC8CFE087}.Release|x64.ActiveCfg = Release|Any CPU
		{C9F8B492-7B69-4A68-AB52-F89DC8CFE087}.Release|x64.Build.0 = Release|Any CPU
		{C9F8B492-7B69-4A68-AB52-F89DC8CFE087}.Release|x86.ActiveCfg = Release|Any CPU
		{C9F8B492-7B69-4A68-AB52-F89DC8CFE087}.Release|x86.Build.0 = Release|Any CPU
		{AF550658-3B57-4031-B3F7-946116B65629}.Debug|Any CPU.ActiveCfg = Debug|Any CPU
		{AF550658-3B57-4031-B3F7-946116B65629}.Debug|Any CPU.Build.0 = Debug|Any CPU
		{AF550658-3B57-4031-B3F7-946116B65629}.Debug|x64.ActiveCfg = Debug|Any CPU
		{AF550658-3B57-4031-B3F7-946116B65629}.Debug|x64.Build.0 = Debug|Any CPU
		{AF550658-3B57-4031-B3F7-946116B65629}.Debug|x86.ActiveCfg = Debug|Any CPU
		{AF550658-3B57-4031-B3F7-946116B65629}.Debug|x86.Build.0 = Debug|Any CPU
		{AF550658-3B57-4031-B3F7-946116B65629}.Release|Any CPU.ActiveCfg = Release|Any CPU
		{AF550658-3B57-4031-B3F7-946116B65629}.Release|Any CPU.Build.0 = Release|Any CPU
		{AF550658-3B57-4031-B3F7-946116B65629}.Release|x64.ActiveCfg = Release|Any CPU
		{AF550658-3B57-4031-B3F7-946116B65629}.Release|x64.Build.0 = Release|Any CPU
		{AF550658-3B57-4031-B3F7-946116B65629}.Release|x86.ActiveCfg = Release|Any CPU
		{AF550658-3B57-4031-B3F7-946116B65629}.Release|x86.Build.0 = Release|Any CPU
	EndGlobalSection
	GlobalSection(SolutionProperties) = preSolution
		HideSolutionNode = FALSE
	EndGlobalSection
	GlobalSection(NestedProjects) = preSolution
		{6343B1D8-6271-4493-AE7A-0B869C8154A0} = {827E0CD3-B72D-47B6-A68D-7590B98EB39B}
		{C009A33F-35BA-47B6-B87F-339F0250F6B3} = {827E0CD3-B72D-47B6-A68D-7590B98EB39B}
		{3DF75908-8FF7-4CC0-85FA-84A303C7038D} = {827E0CD3-B72D-47B6-A68D-7590B98EB39B}
		{A099E6AB-70AF-4EA4-B2F9-F76FCDA45191} = {827E0CD3-B72D-47B6-A68D-7590B98EB39B}
		{4E74D174-4788-40AF-9932-68B362FEBC14} = {0AB3BF05-4346-4AA6-1389-037BE0695223}
		{C9F8B492-7B69-4A68-AB52-F89DC8CFE087} = {0AB3BF05-4346-4AA6-1389-037BE0695223}
		{AF550658-3B57-4031-B3F7-946116B65629} = {0AB3BF05-4346-4AA6-1389-037BE0695223}
	EndGlobalSection
EndGlobal
